PODS:
  - Charts (3.0.4):
    - Charts/Core (= 3.0.4)
  - Charts/Core (3.0.4)
  - CSVImporter (1.7.1):
    - HandySwift (~> 2.0)
  - HandySwift (2.4.0)

DEPENDENCIES:
  - Charts
  - CSVImporter (~> 1.7)

SPEC CHECKSUMS:
  Charts: 0705898046257443f0afbbc3179f4b67507b6e48
  CSVImporter: 9b7fb2a308977137d9a64e7898ec54168c38ce96
  HandySwift: f45ddf58a1d8a60cb58a3214bc4f87814874fd41

PODFILE CHECKSUM: 39a3b96f50afc47bedb7a7c8851c1730990e56f4

COCOAPODS: 1.3.1
